
Microsoft Visual Studio Solution File, Format Version 12.00
# Visual Studio Version 17
VisualStudioVersion = 17.1.32210.238
MinimumVisualStudioVersion = 10.0.40219.1
Project("{FAE04EC0-301F-11D3-BF4B-00C04F79EFBC}") = "Light", "Light\Light.csproj", "{BD1CFA70-A23C-4DED-8960-12B70D15F5D8}"
EndProject
Global
	GlobalSection(SolutionConfigurationPlatforms) = preSolution
		Debug|Any CPU = Debug|Any CPU
		Release|Any CPU = Release|Any CPU
	EndGlobalSection
	GlobalSection(ProjectConfigurationPlatforms) = postSolution
		{BD1CFA70-A23C-4DED-8960-12B70D15F5D8}.Debug|Any CPU.ActiveCfg = Debug|Any CPU
		{BD1CFA70-A23C-4DED-8960-12B70D15F5D8}.Debug|Any CPU.Build.0 = Debug|Any CPU
		{BD1CFA70-A23C-4DED-8960-12B70D15F5D8}.Release|Any CPU.ActiveCfg = Release|Any CPU
		{BD1CFA70-A23C-4DED-8960-12B70D15F5D8}.Release|Any CPU.Build.0 = Release|Any CPU
	EndGlobalSection
	GlobalSection(SolutionProperties) = preSolution
		HideSolutionNode = FALSE
	EndGlobalSection
	GlobalSection(ExtensibilityGlobals) = postSolution
		SolutionGuid = {FE2A7181-51DD-43ED-B88B-6C780382A69C}
	EndGlobalSection
EndGlobal
